
Microsoft Visual Studio Solution File, Format Version 12.00
# Visual Studio Version 17
VisualStudioVersion = 17.5.33516.290
MinimumVisualStudioVersion = 10.0.40219.1
Project("{FAE04EC0-301F-11D3-BF4B-00C04F79EFBC}") = "ISERTEC_OC", "ISERTEC_OC\ISERTEC_OC.csproj", "{D45D3315-7377-4B40-96EC-3F1FECA1ADEA}"
EndProject
Global
	GlobalSection(SolutionConfigurationPlatforms) = preSolution
		Debug|Any CPU = Debug|Any CPU
		Release|Any CPU = Release|Any CPU
	EndGlobalSection
	GlobalSection(ProjectConfigurationPlatforms) = postSolution
		{D45D3315-7377-4B40-96EC-3F1FECA1ADEA}.Debug|Any CPU.ActiveCfg = Debug|Any CPU
		{D45D3315-7377-4B40-96EC-3F1FECA1ADEA}.Debug|Any CPU.Build.0 = Debug|Any CPU
		{D45D3315-7377-4B40-96EC-3F1FECA1ADEA}.Release|Any CPU.ActiveCfg = Release|Any CPU
		{D45D3315-7377-4B40-96EC-3F1FECA1ADEA}.Release|Any CPU.Build.0 = Release|Any CPU
	EndGlobalSection
	GlobalSection(SolutionProperties) = preSolution
		HideSolutionNode = FALSE
	EndGlobalSection
	GlobalSection(ExtensibilityGlobals) = postSolution
		SolutionGuid = {DC8412B7-957E-4E2B-939E-AEC318A6CB28}
	EndGlobalSection
EndGlobal
